
Microsoft Visual Studio Solution File, Format Version 12.00
# Visual Studio 15
VisualStudioVersion = 15.0.28307.329
MinimumVisualStudioVersion = 10.0.40219.1
Project("{FAE04EC0-301F-11D3-BF4B-00C04F79EFBC}") = "loupe", "loupe\loupe.csproj", "{28F1967C-9F2D-444B-B77E-6459EA803B0F}"
EndProject
Global
	GlobalSection(SolutionConfigurationPlatforms) = preSolution
		Debug|Any CPU = Debug|Any CPU
		Release|Any CPU = Release|Any CPU
	EndGlobalSection
	GlobalSection(ProjectConfigurationPlatforms) = postSolution
		{28F1967C-9F2D-444B-B77E-6459EA803B0F}.Debug|Any CPU.ActiveCfg = Debug|Any CPU
		{28F1967C-9F2D-444B-B77E-6459EA803B0F}.Debug|Any CPU.Build.0 = Debug|Any CPU
		{28F1967C-9F2D-444B-B77E-6459EA803B0F}.Release|Any CPU.ActiveCfg = Release|Any CPU
		{28F1967C-9F2D-444B-B77E-6459EA803B0F}.Release|Any CPU.Build.0 = Release|Any CPU
	EndGlobalSection
	GlobalSection(SolutionProperties) = preSolution
		HideSolutionNode = FALSE
	EndGlobalSection
	GlobalSection(ExtensibilityGlobals) = postSolution
		SolutionGuid = {E310B2AF-46D7-416A-BCC2-56F664AF16DE}
	EndGlobalSection
EndGlobal
